
Microsoft Visual Studio Solution File, Format Version 12.00
# Visual Studio 15
VisualStudioVersion = 15.0.28307.1022
MinimumVisualStudioVersion = 10.0.40219.1
Project("{FAE04EC0-301F-11D3-BF4B-00C04F79EFBC}") = "UploadFile", "UploadFile\UploadFile.csproj", "{551DAF82-A67D-448D-BB9F-760F5C1E0A21}"
EndProject
Project("{FAE04EC0-301F-11D3-BF4B-00C04F79EFBC}") = "Box.V2", "..\box-windows-sdk-v2-master\Box.V2\Box.V2.csproj", "{602FF1B8-DF8B-4CFF-88C6-8B34468C45AD}"
EndProject
Global
	GlobalSection(SolutionConfigurationPlatforms) = preSolution
		Debug|Any CPU = Debug|Any CPU
		Release|Any CPU = Release|Any CPU
	EndGlobalSection
	GlobalSection(ProjectConfigurationPlatforms) = postSolution
		{551DAF82-A67D-448D-BB9F-760F5C1E0A21}.Debug|Any CPU.ActiveCfg = Debug|Any CPU
		{551DAF82-A67D-448D-BB9F-760F5C1E0A21}.Debug|Any CPU.Build.0 = Debug|Any CPU
		{551DAF82-A67D-448D-BB9F-760F5C1E0A21}.Release|Any CPU.ActiveCfg = Release|Any CPU
		{551DAF82-A67D-448D-BB9F-760F5C1E0A21}.Release|Any CPU.Build.0 = Release|Any CPU
		{602FF1B8-DF8B-4CFF-88C6-8B34468C45AD}.Debug|Any CPU.ActiveCfg = Debug|Any CPU
		{602FF1B8-DF8B-4CFF-88C6-8B34468C45AD}.Debug|Any CPU.Build.0 = Debug|Any CPU
		{602FF1B8-DF8B-4CFF-88C6-8B34468C45AD}.Release|Any CPU.ActiveCfg = Release|Any CPU
		{602FF1B8-DF8B-4CFF-88C6-8B34468C45AD}.Release|Any CPU.Build.0 = Release|Any CPU
	EndGlobalSection
	GlobalSection(SolutionProperties) = preSolution
		HideSolutionNode = FALSE
	EndGlobalSection
	GlobalSection(ExtensibilityGlobals) = postSolution
		SolutionGuid = {95E7AE13-203E-4751-BA15-72A993697A50}
	EndGlobalSection
EndGlobal
